
Microsoft Visual Studio Solution File, Format Version 12.00
# Visual Studio Version 16
VisualStudioVersion = 16.0.30413.136
MinimumVisualStudioVersion = 10.0.40219.1
Project("{FAE04EC0-301F-11D3-BF4B-00C04F79EFBC}") = "CSE445Project3", "CSE445Project3.csproj", "{1431F21A-8A63-47AB-AC93-B4EC62A884C2}"
EndProject
Project("{FAE04EC0-301F-11D3-BF4B-00C04F79EFBC}") = "TryItPage", "..\TryItPage\TryItPage.csproj", "{AEA6D546-C606-4207-ACBA-8C258D813F97}"
	ProjectSection(ProjectDependencies) = postProject
		{1431F21A-8A63-47AB-AC93-B4EC62A884C2} = {1431F21A-8A63-47AB-AC93-B4EC62A884C2}
	EndProjectSection
EndProject
Project("{FAE04EC0-301F-11D3-BF4B-00C04F79EFBC}") = "RestFul Service", "..\RestFul Service\RestFul Service.csproj", "{77D6F50F-CF74-4394-B744-17DC10E9DB76}"
EndProject
Global
	GlobalSection(SolutionConfigurationPlatforms) = preSolution
		Debug|Any CPU = Debug|Any CPU
		Release|Any CPU = Release|Any CPU
	EndGlobalSection
	GlobalSection(ProjectConfigurationPlatforms) = postSolution
		{1431F21A-8A63-47AB-AC93-B4EC62A884C2}.Debug|Any CPU.ActiveCfg = Debug|Any CPU
		{1431F21A-8A63-47AB-AC93-B4EC62A884C2}.Debug|Any CPU.Build.0 = Debug|Any CPU
		{1431F21A-8A63-47AB-AC93-B4EC62A884C2}.Release|Any CPU.ActiveCfg = Release|Any CPU
		{1431F21A-8A63-47AB-AC93-B4EC62A884C2}.Release|Any CPU.Build.0 = Release|Any CPU
		{AEA6D546-C606-4207-ACBA-8C258D813F97}.Debug|Any CPU.ActiveCfg = Debug|Any CPU
		{AEA6D546-C606-4207-ACBA-8C258D813F97}.Debug|Any CPU.Build.0 = Debug|Any CPU
		{AEA6D546-C606-4207-ACBA-8C258D813F97}.Release|Any CPU.ActiveCfg = Release|Any CPU
		{AEA6D546-C606-4207-ACBA-8C258D813F97}.Release|Any CPU.Build.0 = Release|Any CPU
		{77D6F50F-CF74-4394-B744-17DC10E9DB76}.Debug|Any CPU.ActiveCfg = Debug|Any CPU
		{77D6F50F-CF74-4394-B744-17DC10E9DB76}.Debug|Any CPU.Build.0 = Debug|Any CPU
		{77D6F50F-CF74-4394-B744-17DC10E9DB76}.Release|Any CPU.ActiveCfg = Release|Any CPU
		{77D6F50F-CF74-4394-B744-17DC10E9DB76}.Release|Any CPU.Build.0 = Release|Any CPU
	EndGlobalSection
	GlobalSection(SolutionProperties) = preSolution
		HideSolutionNode = FALSE
	EndGlobalSection
	GlobalSection(ExtensibilityGlobals) = postSolution
		SolutionGuid = {38392DF0-DF0C-4B5B-85C0-4FE2B5457E87}
	EndGlobalSection
EndGlobal
